// !$*UTF8*$!
{
	archiveVersion = 1;
	classes = {
	};
	objectVersion = 50;
	objects = {

/* Begin PBXBuildFile section */
		040A0D227513F85D79A3F1AF /* Pods_BddCounterApp.framework in Frameworks */ = {isa = PBXBuildFile; fileRef = 3BF76DCE7E38CCB72225E96F /* Pods_BddCounterApp.framework */; };
		3438FB38FAAD049B47CB130C /* Pods_BddCounterAppTests.framework in Frameworks */ = {isa = PBXBuildFile; fileRef = 508B9AFB755DF2A51BBFF7FF /* Pods_BddCounterAppTests.framework */; };
		75D28FB426F96DE6000718DF /* AppDelegate.swift in Sources */ = {isa = PBXBuildFile; fileRef = 75D28FB326F96DE6000718DF /* AppDelegate.swift */; };
		75D28FB626F96DE6000718DF /* SceneDelegate.swift in Sources */ = {isa = PBXBuildFile; fileRef = 75D28FB526F96DE6000718DF /* SceneDelegate.swift */; };
		75D28FBD26F96DED000718DF /* Assets.xcassets in Resources */ = {isa = PBXBuildFile; fileRef = 75D28FBC26F96DED000718DF /* Assets.xcassets */; };
		75D28FC026F96DED000718DF /* LaunchScreen.storyboard in Resources */ = {isa = PBXBuildFile; fileRef = 75D28FBE26F96DED000718DF /* LaunchScreen.storyboard */; };
		75D28FCB26F96DED000718DF /* BddCounterAppTests.swift in Sources */ = {isa = PBXBuildFile; fileRef = 75D28FCA26F96DED000718DF /* BddCounterAppTests.swift */; };
		75D28FD626F96DEE000718DF /* BddCounterAppUITests.swift in Sources */ = {isa = PBXBuildFile; fileRef = 75D28FD526F96DEE000718DF /* BddCounterAppUITests.swift */; };
		75D28FE426F96E2A000718DF /* Counter.storyboard in Resources */ = {isa = PBXBuildFile; fileRef = 75D28FE326F96E2A000718DF /* Counter.storyboard */; };
		75D28FE626F96E4B000718DF /* CounterViewController.swift in Sources */ = {isa = PBXBuildFile; fileRef = 75D28FE526F96E4B000718DF /* CounterViewController.swift */; };
		A059577C37B080EF36159A14 /* Pods_BddCounterApp_BddCounterAppUITests.framework in Frameworks */ = {isa = PBXBuildFile; fileRef = 03C7CE6D6211F30B16BE6A39 /* Pods_BddCounterApp_BddCounterAppUITests.framework */; };
/* End PBXBuildFile section */

/* Begin PBXContainerItemProxy section */
		75D28FC726F96DED000718DF /* PBXContainerItemProxy */ = {
			isa = PBXContainerItemProxy;
			containerPortal = 75D28FA826F96DE6000718DF /* Project object */;
			proxyType = 1;
			remoteGlobalIDString = 75D28FAF26F96DE6000718DF;
			remoteInfo = BddCounterApp;
		};
		75D28FD226F96DEE000718DF /* PBXContainerItemProxy */ = {
			isa = PBXContainerItemProxy;
			containerPortal = 75D28FA826F96DE6000718DF /* Project object */;
			proxyType = 1;
			remoteGlobalIDString = 75D28FAF26F96DE6000718DF;
			remoteInfo = BddCounterApp;
		};
/* End PBXContainerItemProxy section */

/* Begin PBXFileReference section */
		03C7CE6D6211F30B16BE6A39 /* Pods_BddCounterApp_BddCounterAppUITests.framework */ = {isa = PBXFileReference; explicitFileType = wrapper.framework; includeInIndex = 0; path = Pods_BddCounterApp_BddCounterAppUITests.framework; sourceTree = BUILT_PRODUCTS_DIR; };
		3BF76DCE7E38CCB72225E96F /* Pods_BddCounterApp.framework */ = {isa = PBXFileReference; explicitFileType = wrapper.framework; includeInIndex = 0; path = Pods_BddCounterApp.framework; sourceTree = BUILT_PRODUCTS_DIR; };
		4214827693AAECFDA71CE64E /* Pods-BddCounterAppTests.debug.xcconfig */ = {isa = PBXFileReference; includeInIndex = 1; lastKnownFileType = text.xcconfig; name = "Pods-BddCounterAppTests.debug.xcconfig"; path = "Target Support Files/Pods-BddCounterAppTests/Pods-BddCounterAppTests.debug.xcconfig"; sourceTree = "<group>"; };
		445EDF17DAA797CF512CF76C /* Pods-BddCounterApp.debug.xcconfig */ = {isa = PBXFileReference; includeInIndex = 1; lastKnownFileType = text.xcconfig; name = "Pods-BddCounterApp.debug.xcconfig"; path = "Target Support Files/Pods-BddCounterApp/Pods-BddCounterApp.debug.xcconfig"; sourceTree = "<group>"; };
		508B9AFB755DF2A51BBFF7FF /* Pods_BddCounterAppTests.framework */ = {isa = PBXFileReference; explicitFileType = wrapper.framework; includeInIndex = 0; path = Pods_BddCounterAppTests.framework; sourceTree = BUILT_PRODUCTS_DIR; };
		75D28FB026F96DE6000718DF /* BddCounterApp.app */ = {isa = PBXFileReference; explicitFileType = wrapper.application; includeInIndex = 0; path = BddCounterApp.app; sourceTree = BUILT_PRODUCTS_DIR; };
		75D28FB326F96DE6000718DF /* AppDelegate.swift */ = {isa = PBXFileReference; lastKnownFileType = sourcecode.swift; path = AppDelegate.swift; sourceTree = "<group>"; };
		75D28FB526F96DE6000718DF /* SceneDelegate.swift */ = {isa = PBXFileReference; lastKnownFileType = sourcecode.swift; path = SceneDelegate.swift; sourceTree = "<group>"; };
		75D28FBC26F96DED000718DF /* Assets.xcassets */ = {isa = PBXFileReference; lastKnownFileType = folder.assetcatalog; path = Assets.xcassets; sourceTree = "<group>"; };
		75D28FBF26F96DED000718DF /* Base */ = {isa = PBXFileReference; lastKnownFileType = file.storyboard; name = Base; path = Base.lproj/LaunchScreen.storyboard; sourceTree = "<group>"; };
		75D28FC126F96DED000718DF /* Info.plist */ = {isa = PBXFileReference; lastKnownFileType = text.plist.xml; path = Info.plist; sourceTree = "<group>"; };
		75D28FC626F96DED000718DF /* BddCounterAppTests.xctest */ = {isa = PBXFileReference; explicitFileType = wrapper.cfbundle; includeInIndex = 0; path = BddCounterAppTests.xctest; sourceTree = BUILT_PRODUCTS_DIR; };
		75D28FCA26F96DED000718DF /* BddCounterAppTests.swift */ = {isa = PBXFileReference; lastKnownFileType = sourcecode.swift; path = BddCounterAppTests.swift; sourceTree = "<group>"; };
		75D28FCC26F96DEE000718DF /* Info.plist */ = {isa = PBXFileReference; lastKnownFileType = text.plist.xml; path = Info.plist; sourceTree = "<group>"; };
		75D28FD126F96DEE000718DF /* BddCounterAppUITests.xctest */ = {isa = PBXFileReference; explicitFileType = wrapper.cfbundle; includeInIndex = 0; path = BddCounterAppUITests.xctest; sourceTree = BUILT_PRODUCTS_DIR; };
		75D28FD526F96DEE000718DF /* BddCounterAppUITests.swift */ = {isa = PBXFileReference; lastKnownFileType = sourcecode.swift; path = BddCounterAppUITests.swift; sourceTree = "<group>"; };
		75D28FD726F96DEE000718DF /* Info.plist */ = {isa = PBXFileReference; lastKnownFileType = text.plist.xml; path = Info.plist; sourceTree = "<group>"; };
		75D28FE326F96E2A000718DF /* Counter.storyboard */ = {isa = PBXFileReference; lastKnownFileType = file.storyboard; path = Counter.storyboard; sourceTree = "<group>"; };
		75D28FE526F96E4B000718DF /* CounterViewController.swift */ = {isa = PBXFileReference; lastKnownFileType = sourcecode.swift; path = CounterViewController.swift; sourceTree = "<group>"; };
		8FEC69BCE6B5556A23270AE0 /* Pods-BddCounterApp-BddCounterAppUITests.debug.xcconfig */ = {isa = PBXFileReference; includeInIndex = 1; lastKnownFileType = text.xcconfig; name = "Pods-BddCounterApp-BddCounterAppUITests.debug.xcconfig"; path = "Target Support Files/Pods-BddCounterApp-BddCounterAppUITests/Pods-BddCounterApp-BddCounterAppUITests.debug.xcconfig"; sourceTree = "<group>"; };
		C514B1B28F8FDE262493E3F7 /* Pods-BddCounterApp.release.xcconfig */ = {isa = PBXFileReference; includeInIndex = 1; lastKnownFileType = text.xcconfig; name = "Pods-BddCounterApp.release.xcconfig"; path = "Target Support Files/Pods-BddCounterApp/Pods-BddCounterApp.release.xcconfig"; sourceTree = "<group>"; };
		D38BCB159B170B488D586A2B /* Pods-BddCounterAppTests.release.xcconfig */ = {isa = PBXFileReference; includeInIndex = 1; lastKnownFileType = text.xcconfig; name = "Pods-BddCounterAppTests.release.xcconfig"; path = "Target Support Files/Pods-BddCounterAppTests/Pods-BddCounterAppTests.release.xcconfig"; sourceTree = "<group>"; };
		F9864212B78EDDE5BF91C649 /* Pods-BddCounterApp-BddCounterAppUITests.release.xcconfig */ = {isa = PBXFileReference; includeInIndex = 1; lastKnownFileType = text.xcconfig; name = "Pods-BddCounterApp-BddCounterAppUITests.release.xcconfig"; path = "Target Support Files/Pods-BddCounterApp-BddCounterAppUITests/Pods-BddCounterApp-BddCounterAppUITests.release.xcconfig"; sourceTree = "<group>"; };
/* End PBXFileReference section */

/* Begin PBXFrameworksBuildPhase section */
		75D28FAD26F96DE6000718DF /* Frameworks */ = {
			isa = PBXFrameworksBuildPhase;
			buildActionMask = 2147483647;
			files = (
				040A0D227513F85D79A3F1AF /* Pods_BddCounterApp.framework in Frameworks */,
			);
			runOnlyForDeploymentPostprocessing = 0;
		};
		75D28FC326F96DED000718DF /* Frameworks */ = {
			isa = PBXFrameworksBuildPhase;
			buildActionMask = 2147483647;
			files = (
				3438FB38FAAD049B47CB130C /* Pods_BddCounterAppTests.framework in Frameworks */,
			);
			runOnlyForDeploymentPostprocessing = 0;
		};
		75D28FCE26F96DEE000718DF /* Frameworks */ = {
			isa = PBXFrameworksBuildPhase;
			buildActionMask = 2147483647;
			files = (
				A059577C37B080EF36159A14 /* Pods_BddCounterApp_BddCounterAppUITests.framework in Frameworks */,
			);
			runOnlyForDeploymentPostprocessing = 0;
		};
/* End PBXFrameworksBuildPhase section */

/* Begin PBXGroup section */
		75D28FA726F96DE6000718DF = {
			isa = PBXGroup;
			children = (
				75D28FB226F96DE6000718DF /* BddCounterApp */,
				75D28FC926F96DED000718DF /* BddCounterAppTests */,
				75D28FD426F96DEE000718DF /* BddCounterAppUITests */,
				75D28FB126F96DE6000718DF /* Products */,
				7C45382485E5396FB22669FD /* Pods */,
				CC73CA2F53ADF0EC8AE9EDB6 /* Frameworks */,
			);
			sourceTree = "<group>";
		};
		75D28FB126F96DE6000718DF /* Products */ = {
			isa = PBXGroup;
			children = (
				75D28FB026F96DE6000718DF /* BddCounterApp.app */,
				75D28FC626F96DED000718DF /* BddCounterAppTests.xctest */,
				75D28FD126F96DEE000718DF /* BddCounterAppUITests.xctest */,
			);
			name = Products;
			sourceTree = "<group>";
		};
		75D28FB226F96DE6000718DF /* BddCounterApp */ = {
			isa = PBXGroup;
			children = (
				75D28FB326F96DE6000718DF /* AppDelegate.swift */,
				75D28FB526F96DE6000718DF /* SceneDelegate.swift */,
				75D28FBC26F96DED000718DF /* Assets.xcassets */,
				75D28FBE26F96DED000718DF /* LaunchScreen.storyboard */,
				75D28FC126F96DED000718DF /* Info.plist */,
				75D28FE326F96E2A000718DF /* Counter.storyboard */,
				75D28FE526F96E4B000718DF /* CounterViewController.swift */,
			);
			path = BddCounterApp;
			sourceTree = "<group>";
		};
		75D28FC926F96DED000718DF /* BddCounterAppTests */ = {
			isa = PBXGroup;
			children = (
				75D28FCA26F96DED000718DF /* BddCounterAppTests.swift */,
				75D28FCC26F96DEE000718DF /* Info.plist */,
			);
			path = BddCounterAppTests;
			sourceTree = "<group>";
		};
		75D28FD426F96DEE000718DF /* BddCounterAppUITests */ = {
			isa = PBXGroup;
			children = (
				75D28FD526F96DEE000718DF /* BddCounterAppUITests.swift */,
				75D28FD726F96DEE000718DF /* Info.plist */,
			);
			path = BddCounterAppUITests;
			sourceTree = "<group>";
		};
		7C45382485E5396FB22669FD /* Pods */ = {
			isa = PBXGroup;
			children = (
				445EDF17DAA797CF512CF76C /* Pods-BddCounterApp.debug.xcconfig */,
				C514B1B28F8FDE262493E3F7 /* Pods-BddCounterApp.release.xcconfig */,
				8FEC69BCE6B5556A23270AE0 /* Pods-BddCounterApp-BddCounterAppUITests.debug.xcconfig */,
				F9864212B78EDDE5BF91C649 /* Pods-BddCounterApp-BddCounterAppUITests.release.xcconfig */,
				4214827693AAECFDA71CE64E /* Pods-BddCounterAppTests.debug.xcconfig */,
				D38BCB159B170B488D586A2B /* Pods-BddCounterAppTests.release.xcconfig */,
			);
			name = Pods;
			path = Pods;
			sourceTree = "<group>";
		};
		CC73CA2F53ADF0EC8AE9EDB6 /* Frameworks */ = {
			isa = PBXGroup;
			children = (
				3BF76DCE7E38CCB72225E96F /* Pods_BddCounterApp.framework */,
				03C7CE6D6211F30B16BE6A39 /* Pods_BddCounterApp_BddCounterAppUITests.framework */,
				508B9AFB755DF2A51BBFF7FF /* Pods_BddCounterAppTests.framework */,
			);
			name = Frameworks;
			sourceTree = "<group>";
		};
/* End PBXGroup section */

/* Begin PBXNativeTarget section */
		75D28FAF26F96DE6000718DF /* BddCounterApp */ = {
			isa = PBXNativeTarget;
			buildConfigurationList = 75D28FDA26F96DEE000718DF /* Build configuration list for PBXNativeTarget "BddCounterApp" */;
			buildPhases = (
				600C61C0F50B5C48832B65EC /* [CP] Check Pods Manifest.lock */,
				75D28FAC26F96DE6000718DF /* Sources */,
				75D28FAD26F96DE6000718DF /* Frameworks */,
				75D28FAE26F96DE6000718DF /* Resources */,
			);
			buildRules = (
			);
			dependencies = (
			);
			name = BddCounterApp;
			productName = BddCounterApp;
			productReference = 75D28FB026F96DE6000718DF /* BddCounterApp.app */;
			productType = "com.apple.product-type.application";
		};
		75D28FC526F96DED000718DF /* BddCounterAppTests */ = {
			isa = PBXNativeTarget;
			buildConfigurationList = 75D28FDD26F96DEE000718DF /* Build configuration list for PBXNativeTarget "BddCounterAppTests" */;
			buildPhases = (
				B26E861E2AFF28F2DC49B6CB /* [CP] Check Pods Manifest.lock */,
				75D28FC226F96DED000718DF /* Sources */,
				75D28FC326F96DED000718DF /* Frameworks */,
				75D28FC426F96DED000718DF /* Resources */,
				2D834C35DEDE9764A33842B7 /* [CP] Embed Pods Frameworks */,
			);
			buildRules = (
			);
			dependencies = (
				75D28FC826F96DED000718DF /* PBXTargetDependency */,
			);
			name = BddCounterAppTests;
			productName = BddCounterAppTests;
			productReference = 75D28FC626F96DED000718DF /* BddCounterAppTests.xctest */;
			productType = "com.apple.product-type.bundle.unit-test";
		};
		75D28FD026F96DEE000718DF /* BddCounterAppUITests */ = {
			isa = PBXNativeTarget;
			buildConfigurationList = 75D28FE026F96DEE000718DF /* Build configuration list for PBXNativeTarget "BddCounterAppUITests" */;
			buildPhases = (
				50AE485EAEA1E7699F70E5A3 /* [CP] Check Pods Manifest.lock */,
				75D28FCD26F96DEE000718DF /* Sources */,
				75D28FCE26F96DEE000718DF /* Frameworks */,
				75D28FCF26F96DEE000718DF /* Resources */,
			);
			buildRules = (
			);
			dependencies = (
				75D28FD326F96DEE000718DF /* PBXTargetDependency */,
			);
			name = BddCounterAppUITests;
			productName = BddCounterAppUITests;
			productReference = 75D28FD126F96DEE000718DF /* BddCounterAppUITests.xctest */;
			productType = "com.apple.product-type.bundle.ui-testing";
		};
/* End PBXNativeTarget section */

/* Begin PBXProject section */
		75D28FA826F96DE6000718DF /* Project object */ = {
			isa = PBXProject;
			attributes = {
				LastSwiftUpdateCheck = 1250;
				LastUpgradeCheck = 1250;
				TargetAttributes = {
					75D28FAF26F96DE6000718DF = {
						CreatedOnToolsVersion = 12.5.1;
					};
					75D28FC526F96DED000718DF = {
						CreatedOnToolsVersion = 12.5.1;
						TestTargetID = 75D28FAF26F96DE6000718DF;
					};
					75D28FD026F96DEE000718DF = {
						CreatedOnToolsVersion = 12.5.1;
						TestTargetID = 75D28FAF26F96DE6000718DF;
					};
				};
			};
			buildConfigurationList = 75D28FAB26F96DE6000718DF /* Build configuration list for PBXProject "BddCounterApp" */;
			compatibilityVersion = "Xcode 9.3";
			developmentRegion = en;
			hasScannedForEncodings = 0;
			knownRegions = (
				en,
				Base,
			);
			mainGroup = 75D28FA726F96DE6000718DF;
			productRefGroup = 75D28FB126F96DE6000718DF /* Products */;
			projectDirPath = "";
			projectRoot = "";
			targets = (
				75D28FAF26F96DE6000718DF /* BddCounterApp */,
				75D28FC526F96DED000718DF /* BddCounterAppTests */,
				75D28FD026F96DEE000718DF /* BddCounterAppUITests */,
			);
		};
/* End PBXProject section */

/* Begin PBXResourcesBuildPhase section */
		75D28FAE26F96DE6000718DF /* Resources */ = {
			isa = PBXResourcesBuildPhase;
			buildActionMask = 2147483647;
			files = (
				75D28FC026F96DED000718DF /* LaunchScreen.storyboard in Resources */,
				75D28FBD26F96DED000718DF /* Assets.xcassets in Resources */,
				75D28FE426F96E2A000718DF /* Counter.storyboard in Resources */,
			);
			runOnlyForDeploymentPostprocessing = 0;
		};
		75D28FC426F96DED000718DF /* Resources */ = {
			isa = PBXResourcesBuildPhase;
			buildActionMask = 2147483647;
			files = (
			);
			runOnlyForDeploymentPostprocessing = 0;
		};
		75D28FCF26F96DEE000718DF /* Resources */ = {
			isa = PBXResourcesBuildPhase;
			buildActionMask = 2147483647;
			files = (
			);
			runOnlyForDeploymentPostprocessing = 0;
		};
/* End PBXResourcesBuildPhase section */

/* Begin PBXShellScriptBuildPhase section */
		2D834C35DEDE9764A33842B7 /* [CP] Embed Pods Frameworks */ = {
			isa = PBXShellScriptBuildPhase;
			buildActionMask = 2147483647;
			files = (
			);
			inputFileListPaths = (
				"${PODS_ROOT}/Target Support Files/Pods-BddCounterAppTests/Pods-BddCounterAppTests-frameworks-${CONFIGURATION}-input-files.xcfilelist",
			);
			name = "[CP] Embed Pods Frameworks";
			outputFileListPaths = (
				"${PODS_ROOT}/Target Support Files/Pods-BddCounterAppTests/Pods-BddCounterAppTests-frameworks-${CONFIGURATION}-output-files.xcfilelist",
			);
			runOnlyForDeploymentPostprocessing = 0;
			shellPath = /bin/sh;
			shellScript = "\"${PODS_ROOT}/Target Support Files/Pods-BddCounterAppTests/Pods-BddCounterAppTests-frameworks.sh\"\n";
			showEnvVarsInLog = 0;
		};
		50AE485EAEA1E7699F70E5A3 /* [CP] Check Pods Manifest.lock */ = {
			isa = PBXShellScriptBuildPhase;
			buildActionMask = 2147483647;
			files = (
			);
			inputFileListPaths = (
			);
			inputPaths = (
				"${PODS_PODFILE_DIR_PATH}/Podfile.lock",
				"${PODS_ROOT}/Manifest.lock",
			);
			name = "[CP] Check Pods Manifest.lock";
			outputFileListPaths = (
			);
			outputPaths = (
				"$(DERIVED_FILE_DIR)/Pods-BddCounterApp-BddCounterAppUITests-checkManifestLockResult.txt",
			);
			runOnlyForDeploymentPostprocessing = 0;
			shellPath = /bin/sh;
			shellScript = "diff \"${PODS_PODFILE_DIR_PATH}/Podfile.lock\" \"${PODS_ROOT}/Manifest.lock\" > /dev/null\nif [ $? != 0 ] ; then\n    # print error to STDERR\n    echo \"error: The sandbox is not in sync with the Podfile.lock. Run 'pod install' or update your CocoaPods installation.\" >&2\n    exit 1\nfi\n# This output is used by Xcode 'outputs' to avoid re-running this script phase.\necho \"SUCCESS\" > \"${SCRIPT_OUTPUT_FILE_0}\"\n";
			showEnvVarsInLog = 0;
		};
		600C61C0F50B5C48832B65EC /* [CP] Check Pods Manifest.lock */ = {
			isa = PBXShellScriptBuildPhase;
			buildActionMask = 2147483647;
			files = (
			);
			inputFileListPaths = (
			);
			inputPaths = (
				"${PODS_PODFILE_DIR_PATH}/Podfile.lock",
				"${PODS_ROOT}/Manifest.lock",
			);
			name = "[CP] Check Pods Manifest.lock";
			outputFileListPaths = (
			);
			outputPaths = (
				"$(DERIVED_FILE_DIR)/Pods-BddCounterApp-checkManifestLockResult.txt",
			);
			runOnlyForDeploymentPostprocessing = 0;
			shellPath = /bin/sh;
			shellScript = "diff \"${PODS_PODFILE_DIR_PATH}/Podfile.lock\" \"${PODS_ROOT}/Manifest.lock\" > /dev/null\nif [ $? != 0 ] ; then\n    # print error to STDERR\n    echo \"error: The sandbox is not in sync with the Podfile.lock. Run 'pod install' or update your CocoaPods installation.\" >&2\n    exit 1\nfi\n# This output is used by Xcode 'outputs' to avoid re-running this script phase.\necho \"SUCCESS\" > \"${SCRIPT_OUTPUT_FILE_0}\"\n";
			showEnvVarsInLog = 0;
		};
		B26E861E2AFF28F2DC49B6CB /* [CP] Check Pods Manifest.lock */ = {
			isa = PBXShellScriptBuildPhase;
			buildActionMask = 2147483647;
			files = (
			);
			inputFileListPaths = (
			);
			inputPaths = (
				"${PODS_PODFILE_DIR_PATH}/Podfile.lock",
				"${PODS_ROOT}/Manifest.lock",
			);
			name = "[CP] Check Pods Manifest.lock";
			outputFileListPaths = (
			);
			outputPaths = (
				"$(DERIVED_FILE_DIR)/Pods-BddCounterAppTests-checkManifestLockResult.txt",
			);
			runOnlyForDeploymentPostprocessing = 0;
			shellPath = /bin/sh;
			shellScript = "diff \"${PODS_PODFILE_DIR_PATH}/Podfile.lock\" \"${PODS_ROOT}/Manifest.lock\" > /dev/null\nif [ $? != 0 ] ; then\n    # print error to STDERR\n    echo \"error: The sandbox is not in sync with the Podfile.lock. Run 'pod install' or update your CocoaPods installation.\" >&2\n    exit 1\nfi\n# This output is used by Xcode 'outputs' to avoid re-running this script phase.\necho \"SUCCESS\" > \"${SCRIPT_OUTPUT_FILE_0}\"\n";
			showEnvVarsInLog = 0;
		};
/* End PBXShellScriptBuildPhase section */

/* Begin PBXSourcesBuildPhase section */
		75D28FAC26F96DE6000718DF /* Sources */ = {
			isa = PBXSourcesBuildPhase;
			buildActionMask = 2147483647;
			files = (
				75D28FE626F96E4B000718DF /* CounterViewController.swift in Sources */,
				75D28FB426F96DE6000718DF /* AppDelegate.swift in Sources */,
				75D28FB626F96DE6000718DF /* SceneDelegate.swift in Sources */,
			);
			runOnlyForDeploymentPostprocessing = 0;
		};
		75D28FC226F96DED000718DF /* Sources */ = {
			isa = PBXSourcesBuildPhase;
			buildActionMask = 2147483647;
			files = (
				75D28FCB26F96DED000718DF /* BddCounterAppTests.swift in Sources */,
			);
			runOnlyForDeploymentPostprocessing = 0;
		};
		75D28FCD26F96DEE000718DF /* Sources */ = {
			isa = PBXSourcesBuildPhase;
			buildActionMask = 2147483647;
			files = (
				75D28FD626F96DEE000718DF /* BddCounterAppUITests.swift in Sources */,
			);
			runOnlyForDeploymentPostprocessing = 0;
		};
/* End PBXSourcesBuildPhase section */

/* Begin PBXTargetDependency section */
		75D28FC826F96DED000718DF /* PBXTargetDependency */ = {
			isa = PBXTargetDependency;
			target = 75D28FAF26F96DE6000718DF /* BddCounterApp */;
			targetProxy = 75D28FC726F96DED000718DF /* PBXContainerItemProxy */;
		};
		75D28FD326F96DEE000718DF /* PBXTargetDependency */ = {
			isa = PBXTargetDependency;
			target = 75D28FAF26F96DE6000718DF /* BddCounterApp */;
			targetProxy = 75D28FD226F96DEE000718DF /* PBXContainerItemProxy */;
		};
/* End PBXTargetDependency section */

/* Begin PBXVariantGroup section */
		75D28FBE26F96DED000718DF /* LaunchScreen.storyboard */ = {
			isa = PBXVariantGroup;
			children = (
				75D28FBF26F96DED000718DF /* Base */,
			);
			name = LaunchScreen.storyboard;
			sourceTree = "<group>";
		};
/* End PBXVariantGroup section */

/* Begin XCBuildConfiguration section */
		75D28FD826F96DEE000718DF /* Debug */ = {
			isa = XCBuildConfiguration;
			buildSettings = {
				ALWAYS_SEARCH_USER_PATHS = NO;
				CLANG_ANALYZER_NONNULL = YES;
				CLANG_ANALYZER_NUMBER_OBJECT_CONVERSION = YES_AGGRESSIVE;
				CLANG_CXX_LANGUAGE_STANDARD = "gnu++14";
				CLANG_CXX_LIBRARY = "libc++";
				CLANG_ENABLE_MODULES = YES;
				CLANG_ENABLE_OBJC_ARC = YES;
				CLANG_ENABLE_OBJC_WEAK = YES;
				CLANG_WARN_BLOCK_CAPTURE_AUTORELEASING = YES;
				CLANG_WARN_BOOL_CONVERSION = YES;
				CLANG_WARN_COMMA = YES;
				CLANG_WARN_CONSTANT_CONVERSION = YES;
				CLANG_WARN_DEPRECATED_OBJC_IMPLEMENTATIONS = YES;
				CLANG_WARN_DIRECT_OBJC_ISA_USAGE = YES_ERROR;
				CLANG_WARN_DOCUMENTATION_COMMENTS = YES;
				CLANG_WARN_EMPTY_BODY = YES;
				CLANG_WARN_ENUM_CONVERSION = YES;
				CLANG_WARN_INFINITE_RECURSION = YES;
				CLANG_WARN_INT_CONVERSION = YES;
				CLANG_WARN_NON_LITERAL_NULL_CONVERSION = YES;
				CLANG_WARN_OBJC_IMPLICIT_RETAIN_SELF = YES;
				CLANG_WARN_OBJC_LITERAL_CONVERSION = YES;
				CLANG_WARN_OBJC_ROOT_CLASS = YES_ERROR;
				CLANG_WARN_QUOTED_INCLUDE_IN_FRAMEWORK_HEADER = YES;
				CLANG_WARN_RANGE_LOOP_ANALYSIS = YES;
				CLANG_WARN_STRICT_PROTOTYPES = YES;
				CLANG_WARN_SUSPICIOUS_MOVE = YES;
				CLANG_WARN_UNGUARDED_AVAILABILITY = YES_AGGRESSIVE;
				CLANG_WARN_UNREACHABLE_CODE = YES;
				CLANG_WARN__DUPLICATE_METHOD_MATCH = YES;
				COPY_PHASE_STRIP = NO;
				DEBUG_INFORMATION_FORMAT = dwarf;
				ENABLE_STRICT_OBJC_MSGSEND = YES;
				ENABLE_TESTABILITY = YES;
				GCC_C_LANGUAGE_STANDARD = gnu11;
				GCC_DYNAMIC_NO_PIC = NO;
				GCC_NO_COMMON_BLOCKS = YES;
				GCC_OPTIMIZATION_LEVEL = 0;
				GCC_PREPROCESSOR_DEFINITIONS = (
					"DEBUG=1",
					"$(inherited)",
				);
				GCC_WARN_64_TO_32_BIT_CONVERSION = YES;
				GCC_WARN_ABOUT_RETURN_TYPE = YES_ERROR;
				GCC_WARN_UNDECLARED_SELECTOR = YES;
				GCC_WARN_UNINITIALIZED_AUTOS = YES_AGGRESSIVE;
				GCC_WARN_UNUSED_FUNCTION = YES;
				GCC_WARN_UNUSED_VARIABLE = YES;
				IPHONEOS_DEPLOYMENT_TARGET = 14.5;
				MTL_ENABLE_DEBUG_INFO = INCLUDE_SOURCE;
				MTL_FAST_MATH = YES;
				ONLY_ACTIVE_ARCH = YES;
				SDKROOT = iphoneos;
				SWIFT_ACTIVE_COMPILATION_CONDITIONS = DEBUG;
				SWIFT_OPTIMIZATION_LEVEL = "-Onone";
			};
			name = Debug;
		};
		75D28FD926F96DEE000718DF /* Release */ = {
			isa = XCBuildConfiguration;
			buildSettings = {
				ALWAYS_SEARCH_USER_PATHS = NO;
				CLANG_ANALYZER_NONNULL = YES;
				CLANG_ANALYZER_NUMBER_OBJECT_CONVERSION = YES_AGGRESSIVE;
				CLANG_CXX_LANGUAGE_STANDARD = "gnu++14";
				CLANG_CXX_LIBRARY = "libc++";
				CLANG_ENABLE_MODULES = YES;
				CLANG_ENABLE_OBJC_ARC = YES;
				CLANG_ENABLE_OBJC_WEAK = YES;
				CLANG_WARN_BLOCK_CAPTURE_AUTORELEASING = YES;
				CLANG_WARN_BOOL_CONVERSION = YES;
				CLANG_WARN_COMMA = YES;
				CLANG_WARN_CONSTANT_CONVERSION = YES;
				CLANG_WARN_DEPRECATED_OBJC_IMPLEMENTATIONS = YES;
				CLANG_WARN_DIRECT_OBJC_ISA_USAGE = YES_ERROR;
				CLANG_WARN_DOCUMENTATION_COMMENTS = YES;
				CLANG_WARN_EMPTY_BODY = YES;
				CLANG_WARN_ENUM_CONVERSION = YES;
				CLANG_WARN_INFINITE_RECURSION = YES;
				CLANG_WARN_INT_CONVERSION = YES;
				CLANG_WARN_NON_LITERAL_NULL_CONVERSION = YES;
				CLANG_WARN_OBJC_IMPLICIT_RETAIN_SELF = YES;
				CLANG_WARN_OBJC_LITERAL_CONVERSION = YES;
				CLANG_WARN_OBJC_ROOT_CLASS = YES_ERROR;
				CLANG_WARN_QUOTED_INCLUDE_IN_FRAMEWORK_HEADER = YES;
				CLANG_WARN_RANGE_LOOP_ANALYSIS = YES;
				CLANG_WARN_STRICT_PROTOTYPES = YES;
				CLANG_WARN_SUSPICIOUS_MOVE = YES;
				CLANG_WARN_UNGUARDED_AVAILABILITY = YES_AGGRESSIVE;
				CLANG_WARN_UNREACHABLE_CODE = YES;
				CLANG_WARN__DUPLICATE_METHOD_MATCH = YES;
				COPY_PHASE_STRIP = NO;
				DEBUG_INFORMATION_FORMAT = "dwarf-with-dsym";
				ENABLE_NS_ASSERTIONS = NO;
				ENABLE_STRICT_OBJC_MSGSEND = YES;
				GCC_C_LANGUAGE_STANDARD = gnu11;
				GCC_NO_COMMON_BLOCKS = YES;
				GCC_WARN_64_TO_32_BIT_CONVERSION = YES;
				GCC_WARN_ABOUT_RETURN_TYPE = YES_ERROR;
				GCC_WARN_UNDECLARED_SELECTOR = YES;
				GCC_WARN_UNINITIALIZED_AUTOS = YES_AGGRESSIVE;
				GCC_WARN_UNUSED_FUNCTION = YES;
				GCC_WARN_UNUSED_VARIABLE = YES;
				IPHONEOS_DEPLOYMENT_TARGET = 14.5;
				MTL_ENABLE_DEBUG_INFO = NO;
				MTL_FAST_MATH = YES;
				SDKROOT = iphoneos;
				SWIFT_COMPILATION_MODE = wholemodule;
				SWIFT_OPTIMIZATION_LEVEL = "-O";
				VALIDATE_PRODUCT = YES;
			};
			name = Release;
		};
		75D28FDB26F96DEE000718DF /* Debug */ = {
			isa = XCBuildConfiguration;
			baseConfigurationReference = 445EDF17DAA797CF512CF76C /* Pods-BddCounterApp.debug.xcconfig */;
			buildSettings = {
				ASSETCATALOG_COMPILER_APPICON_NAME = AppIcon;
				ASSETCATALOG_COMPILER_GLOBAL_ACCENT_COLOR_NAME = AccentColor;
				CODE_SIGN_STYLE = Automatic;
				DEVELOPMENT_TEAM = N53995CJPD;
				INFOPLIST_FILE = BddCounterApp/Info.plist;
				LD_RUNPATH_SEARCH_PATHS = (
					"$(inherited)",
					"@executable_path/Frameworks",
				);
				PRODUCT_BUNDLE_IDENTIFIER = com.tatsuo.BddCounterApp;
				PRODUCT_NAME = "$(TARGET_NAME)";
				SWIFT_VERSION = 5.0;
				TARGETED_DEVICE_FAMILY = 1;
			};
			name = Debug;
		};
		75D28FDC26F96DEE000718DF /* Release */ = {
			isa = XCBuildConfiguration;
			baseConfigurationReference = C514B1B28F8FDE262493E3F7 /* Pods-BddCounterApp.release.xcconfig */;
			buildSettings = {
				ASSETCATALOG_COMPILER_APPICON_NAME = AppIcon;
				ASSETCATALOG_COMPILER_GLOBAL_ACCENT_COLOR_NAME = AccentColor;
				CODE_SIGN_STYLE = Automatic;
				DEVELOPMENT_TEAM = N53995CJPD;
				INFOPLIST_FILE = BddCounterApp/Info.plist;
				LD_RUNPATH_SEARCH_PATHS = (
					"$(inherited)",
					"@executable_path/Frameworks",
				);
				PRODUCT_BUNDLE_IDENTIFIER = com.tatsuo.BddCounterApp;
				PRODUCT_NAME = "$(TARGET_NAME)";
				SWIFT_VERSION = 5.0;
				TARGETED_DEVICE_FAMILY = 1;
			};
			name = Release;
		};
		75D28FDE26F96DEE000718DF /* Debug */ = {
			isa = XCBuildConfiguration;
			baseConfigurationReference = 4214827693AAECFDA71CE64E /* Pods-BddCounterAppTests.debug.xcconfig */;
			buildSettings = {
				ALWAYS_EMBED_SWIFT_STANDARD_LIBRARIES = YES;
				BUNDLE_LOADER = "$(TEST_HOST)";
				CODE_SIGN_STYLE = Automatic;
				DEVELOPMENT_TEAM = N53995CJPD;
				INFOPLIST_FILE = BddCounterAppTests/Info.plist;
				IPHONEOS_DEPLOYMENT_TARGET = 14.5;
				LD_RUNPATH_SEARCH_PATHS = (
					"$(inherited)",
					"@executable_path/Frameworks",
					"@loader_path/Frameworks",
				);
				PRODUCT_BUNDLE_IDENTIFIER = com.tatsuo.BddCounterAppTests;
				PRODUCT_NAME = "$(TARGET_NAME)";
				SWIFT_VERSION = 5.0;
				TARGETED_DEVICE_FAMILY = "1,2";
				TEST_HOST = "$(BUILT_PRODUCTS_DIR)/BddCounterApp.app/BddCounterApp";
			};
			name = Debug;
		};
		75D28FDF26F96DEE000718DF /* Release */ = {
			isa = XCBuildConfiguration;
			baseConfigurationReference = D38BCB159B170B488D586A2B /* Pods-BddCounterAppTests.release.xcconfig */;
			buildSettings = {
				ALWAYS_EMBED_SWIFT_STANDARD_LIBRARIES = YES;
				BUNDLE_LOADER = "$(TEST_HOST)";
				CODE_SIGN_STYLE = Automatic;
				DEVELOPMENT_TEAM = N53995CJPD;
				INFOPLIST_FILE = BddCounterAppTests/Info.plist;
				IPHONEOS_DEPLOYMENT_TARGET = 14.5;
				LD_RUNPATH_SEARCH_PATHS = (
					"$(inherited)",
					"@executable_path/Frameworks",
					"@loader_path/Frameworks",
				);
				PRODUCT_BUNDLE_IDENTIFIER = com.tatsuo.BddCounterAppTests;
				PRODUCT_NAME = "$(TARGET_NAME)";
				SWIFT_VERSION = 5.0;
				TARGETED_DEVICE_FAMILY = "1,2";
				TEST_HOST = "$(BUILT_PRODUCTS_DIR)/BddCounterApp.app/BddCounterApp";
			};
			name = Release;
		};
		75D28FE126F96DEE000718DF /* Debug */ = {
			isa = XCBuildConfiguration;
			baseConfigurationReference = 8FEC69BCE6B5556A23270AE0 /* Pods-BddCounterApp-BddCounterAppUITests.debug.xcconfig */;
			buildSettings = {
				ALWAYS_EMBED_SWIFT_STANDARD_LIBRARIES = YES;
				CODE_SIGN_STYLE = Automatic;
				DEVELOPMENT_TEAM = N53995CJPD;
				INFOPLIST_FILE = BddCounterAppUITests/Info.plist;
				LD_RUNPATH_SEARCH_PATHS = (
					"$(inherited)",
					"@executable_path/Frameworks",
					"@loader_path/Frameworks",
				);
				PRODUCT_BUNDLE_IDENTIFIER = com.tatsuo.BddCounterAppUITests;
				PRODUCT_NAME = "$(TARGET_NAME)";
				SWIFT_VERSION = 5.0;
				TARGETED_DEVICE_FAMILY = "1,2";
				TEST_TARGET_NAME = BddCounterApp;
			};
			name = Debug;
		};
		75D28FE226F96DEE000718DF /* Release */ = {
			isa = XCBuildConfiguration;
			baseConfigurationReference = F9864212B78EDDE5BF91C649 /* Pods-BddCounterApp-BddCounterAppUITests.release.xcconfig */;
			buildSettings = {
				ALWAYS_EMBED_SWIFT_STANDARD_LIBRARIES = YES;
				CODE_SIGN_STYLE = Automatic;
				DEVELOPMENT_TEAM = N53995CJPD;
				INFOPLIST_FILE = BddCounterAppUITests/Info.plist;
				LD_RUNPATH_SEARCH_PATHS = (
					"$(inherited)",
					"@executable_path/Frameworks",
					"@loader_path/Frameworks",
				);
				PRODUCT_BUNDLE_IDENTIFIER = com.tatsuo.BddCounterAppUITests;
				PRODUCT_NAME = "$(TARGET_NAME)";
				SWIFT_VERSION = 5.0;
				TARGETED_DEVICE_FAMILY = "1,2";
				TEST_TARGET_NAME = BddCounterApp;
			};
			name = Release;
		};
/* End XCBuildConfiguration section */

/* Begin XCConfigurationList section */
		75D28FAB26F96DE6000718DF /* Build configuration list for PBXProject "BddCounterApp" */ = {
			isa = XCConfigurationList;
			buildConfigurations = (
				75D28FD826F96DEE000718DF /* Debug */,
				75D28FD926F96DEE000718DF /* Release */,
			);
			defaultConfigurationIsVisible = 0;
			defaultConfigurationName = Release;
		};
		75D28FDA26F96DEE000718DF /* Build configuration list for PBXNativeTarget "BddCounterApp" */ = {
			isa = XCConfigurationList;
			buildConfigurations = (
				75D28FDB26F96DEE000718DF /* Debug */,
				75D28FDC26F96DEE000718DF /* Release */,
			);
			defaultConfigurationIsVisible = 0;
			defaultConfigurationName = Release;
		};
		75D28FDD26F96DEE000718DF /* Build configuration list for PBXNativeTarget "BddCounterAppTests" */ = {
			isa = XCConfigurationList;
			buildConfigurations = (
				75D28FDE26F96DEE000718DF /* Debug */,
				75D28FDF26F96DEE000718DF /* Release */,
			);
			defaultConfigurationIsVisible = 0;
			defaultConfigurationName = Release;
		};
		75D28FE026F96DEE000718DF /* Build configuration list for PBXNativeTarget "BddCounterAppUITests" */ = {
			isa = XCConfigurationList;
			buildConfigurations = (
				75D28FE126F96DEE000718DF /* Debug */,
				75D28FE226F96DEE000718DF /* Release */,
			);
			defaultConfigurationIsVisible = 0;
			defaultConfigurationName = Release;
		};
/* End XCConfigurationList section */
	};
	rootObject = 75D28FA826F96DE6000718DF /* Project object */;
}
